
Microsoft Visual Studio Solution File, Format Version 12.00
# Visual Studio Version 17
VisualStudioVersion = 17.11.35327.3
MinimumVisualStudioVersion = 10.0.40219.1
Project("{2150E333-8FDC-42A3-9474-1A3956D46DE8}") = "Frontend", "Frontend", "{CD323B4C-1F60-46AF-81D1-36E207A39E56}"
EndProject
Project("{FAE04EC0-301F-11D3-BF4B-00C04F79EFBC}") = "E-Ticaret", "Frontend\E-Ticaret\E-Ticaret.csproj", "{F51363C5-A360-44D5-8182-93B09C27B43B}"
EndProject
Project("{2150E333-8FDC-42A3-9474-1A3956D46DE8}") = "ToDoList", "ToDoList", "{02D090CA-7802-43D5-8113-7DB2D3523077}"
	ProjectSection(SolutionItems) = preProject
		Order.txt = Order.txt
	EndProjectSection
EndProject
Global
	GlobalSection(SolutionConfigurationPlatforms) = preSolution
		Debug|Any CPU = Debug|Any CPU
		Release|Any CPU = Release|Any CPU
	EndGlobalSection
	GlobalSection(ProjectConfigurationPlatforms) = postSolution
		{F51363C5-A360-44D5-8182-93B09C27B43B}.Debug|Any CPU.ActiveCfg = Debug|Any CPU
		{F51363C5-A360-44D5-8182-93B09C27B43B}.Debug|Any CPU.Build.0 = Debug|Any CPU
		{F51363C5-A360-44D5-8182-93B09C27B43B}.Release|Any CPU.ActiveCfg = Release|Any CPU
		{F51363C5-A360-44D5-8182-93B09C27B43B}.Release|Any CPU.Build.0 = Release|Any CPU
	EndGlobalSection
	GlobalSection(SolutionProperties) = preSolution
		HideSolutionNode = FALSE
	EndGlobalSection
	GlobalSection(ExtensibilityGlobals) = postSolution
		SolutionGuid = {B3D6AF50-3501-46BA-A35C-92E1F415E12C}
	EndGlobalSection
EndGlobal
